
Microsoft Visual Studio Solution File, Format Version 12.00
# Visual Studio Version 17
VisualStudioVersion = 17.4.33213.308
MinimumVisualStudioVersion = 10.0.40219.1
Project("{FAE04EC0-301F-11D3-BF4B-00C04F79EFBC}") = "Zadanie14", "Zadanie14\Zadanie14.csproj", "{FE4E62D6-5F2E-41A1-B0B4-229BB49970DD}"
EndProject
Global
	GlobalSection(SolutionConfigurationPlatforms) = preSolution
		Debug|Any CPU = Debug|Any CPU
		Release|Any CPU = Release|Any CPU
	EndGlobalSection
	GlobalSection(ProjectConfigurationPlatforms) = postSolution
		{FE4E62D6-5F2E-41A1-B0B4-229BB49970DD}.Debug|Any CPU.ActiveCfg = Debug|Any CPU
		{FE4E62D6-5F2E-41A1-B0B4-229BB49970DD}.Debug|Any CPU.Build.0 = Debug|Any CPU
		{FE4E62D6-5F2E-41A1-B0B4-229BB49970DD}.Release|Any CPU.ActiveCfg = Release|Any CPU
		{FE4E62D6-5F2E-41A1-B0B4-229BB49970DD}.Release|Any CPU.Build.0 = Release|Any CPU
	EndGlobalSection
	GlobalSection(SolutionProperties) = preSolution
		HideSolutionNode = FALSE
	EndGlobalSection
	GlobalSection(ExtensibilityGlobals) = postSolution
		SolutionGuid = {AB3620AD-4C9A-43A1-8E14-54D55768D98A}
	EndGlobalSection
EndGlobal
